<?xml version="1.0" encoding="utf-8"?>
<Project ToolsVersion="4.0" xmlns="http://schemas.microsoft.com/developer/msbuild/2003">
  <ItemGroup>
    <Filter Include="Source Files">
      <UniqueIdentifier>{4FC737F1-C7A5-4376-A066-2A32D752A2FF}</UniqueIdentifier>
      <Extensions>cpp;c;cc;cxx;c++;cppm;ixx;def;odl;idl;hpj;bat;asm;asmx</Extensions>
    </Filter>
    <Filter Include="Header Files">
      <UniqueIdentifier>{93995380-89BD-4b04-88EB-625FBE52EBFB}</UniqueIdentifier>
      <Extensions>h;hh;hpp;hxx;h++;hm;inl;inc;ipp;xsd</Extensions>
    </Filter>
    <Filter Include="Resource Files">
      <UniqueIdentifier>{67DA6AB6-F800-4c08-8B7A-83BB121AAD01}</UniqueIdentifier>
      <Extensions>rc;ico;cur;bmp;dlg;rc2;rct;bin;rgs;gif;jpg;jpeg;jpe;resx;tiff;tif;png;wav;mfcribbon-ms</Extensions>
    </Filter>
  </ItemGroup>
  <ItemGroup>
    <ClInclude Include="..\..\..\Assignment 2 for Fundamentals 2\GAME1017_AsciMelih\Background.h">
      <Filter>Header Files</Filter>
    </ClInclude>
    <ClInclude Include="..\..\..\Assignment 2 for Fundamentals 2\GAME1017_AsciMelih\Button3.h">
      <Filter>Header Files</Filter>
    </ClInclude>
    <ClInclude Include="..\..\..\Assignment 2 for Fundamentals 2\GAME1017_AsciMelih\CollisionManager.h">
      <Filter>Header Files</Filter>
    </ClInclude>
    <ClInclude Include="..\..\..\Assignment 2 for Fundamentals 2\GAME1017_AsciMelih\DebugManager.h">
      <Filter>Header Files</Filter>
    </ClInclude>
    <ClInclude Include="..\..\..\Assignment 2 for Fundamentals 2\GAME1017_AsciMelih\Engine.h">
      <Filter>Header Files</Filter>
    </ClInclude>
    <ClInclude Include="..\..\..\Assignment 2 for Fundamentals 2\GAME1017_AsciMelih\EventManager.h">
      <Filter>Header Files</Filter>
    </ClInclude>
    <ClInclude Include="..\..\..\Assignment 2 for Fundamentals 2\GAME1017_AsciMelih\FontManager.h">
      <Filter>Header Files</Filter>
    </ClInclude>
    <ClInclude Include="..\..\..\Assignment 2 for Fundamentals 2\GAME1017_AsciMelih\GameObject.h">
      <Filter>Header Files</Filter>
    </ClInclude>
    <ClInclude Include="..\..\..\Assignment 2 for Fundamentals 2\GAME1017_AsciMelih\MathManager.h">
      <Filter>Header Files</Filter>
    </ClInclude>
    <ClInclude Include="..\..\..\Assignment 2 for Fundamentals 2\GAME1017_AsciMelih\Obstacle.h">
      <Filter>Header Files</Filter>
    </ClInclude>
    <ClInclude Include="..\..\..\Assignment 2 for Fundamentals 2\GAME1017_AsciMelih\ObstacleRow.h">
      <Filter>Header Files</Filter>
    </ClInclude>
    <ClInclude Include="..\..\..\Assignment 2 for Fundamentals 2\GAME1017_AsciMelih\PlatformPlayer.h">
      <Filter>Header Files</Filter>
    </ClInclude>
    <ClInclude Include="..\..\..\Assignment 2 for Fundamentals 2\GAME1017_AsciMelih\Primitives.h">
      <Filter>Header Files</Filter>
    </ClInclude>
    <ClInclude Include="..\..\..\Assignment 2 for Fundamentals 2\GAME1017_AsciMelih\RenderManager.h">
      <Filter>Header Files</Filter>
    </ClInclude>
    <ClInclude Include="..\..\..\Assignment 2 for Fundamentals 2\GAME1017_AsciMelih\ScrollingBackground.h">
      <Filter>Header Files</Filter>
    </ClInclude>
    <ClInclude Include="..\..\..\Assignment 2 for Fundamentals 2\GAME1017_AsciMelih\SoundManager.h">
      <Filter>Header Files</Filter>
    </ClInclude>
    <ClInclude Include="..\..\..\Assignment 2 for Fundamentals 2\GAME1017_AsciMelih\StateManager.h">
      <Filter>Header Files</Filter>
    </ClInclude>
    <ClInclude Include="..\..\..\Assignment 2 for Fundamentals 2\GAME1017_AsciMelih\States.h">
      <Filter>Header Files</Filter>
    </ClInclude>
    <ClInclude Include="..\..\..\Assignment 2 for Fundamentals 2\GAME1017_AsciMelih\TextureManager.h">
      <Filter>Header Files</Filter>
    </ClInclude>
  </ItemGroup>
  <ItemGroup>
    <ClCompile Include="..\..\..\Assignment 2 for Fundamentals 2\GAME1017_AsciMelih\Background.cpp">
      <Filter>Source Files</Filter>
    </ClCompile>
    <ClCompile Include="..\..\..\Assignment 2 for Fundamentals 2\GAME1017_AsciMelih\Button3.cpp">
      <Filter>Source Files</Filter>
    </ClCompile>
    <ClCompile Include="..\..\..\Assignment 2 for Fundamentals 2\GAME1017_AsciMelih\CollisionManager.cpp">
      <Filter>Source Files</Filter>
    </ClCompile>
    <ClCompile Include="..\..\..\Assignment 2 for Fundamentals 2\GAME1017_AsciMelih\DebugManager.cpp">
      <Filter>Source Files</Filter>
    </ClCompile>
    <ClCompile Include="..\..\..\Assignment 2 for Fundamentals 2\GAME1017_AsciMelih\Engine.cpp">
      <Filter>Source Files</Filter>
    </ClCompile>
    <ClCompile Include="..\..\..\Assignment 2 for Fundamentals 2\GAME1017_AsciMelih\EventManager.cpp">
      <Filter>Source Files</Filter>
    </ClCompile>
    <ClCompile Include="..\..\..\Assignment 2 for Fundamentals 2\GAME1017_AsciMelih\FontManager.cpp">
      <Filter>Source Files</Filter>
    </ClCompile>
    <ClCompile Include="..\..\..\Assignment 2 for Fundamentals 2\GAME1017_AsciMelih\GameObject.cpp">
      <Filter>Source Files</Filter>
    </ClCompile>
    <ClCompile Include="..\..\..\Assignment 2 for Fundamentals 2\GAME1017_AsciMelih\Main.cpp">
      <Filter>Source Files</Filter>
    </ClCompile>
    <ClCompile Include="..\..\..\Assignment 2 for Fundamentals 2\GAME1017_AsciMelih\MathManager.cpp">
      <Filter>Source Files</Filter>
    </ClCompile>
    <ClCompile Include="..\..\..\Assignment 2 for Fundamentals 2\GAME1017_AsciMelih\Obstacle.cpp">
      <Filter>Source Files</Filter>
    </ClCompile>
    <ClCompile Include="..\..\..\Assignment 2 for Fundamentals 2\GAME1017_AsciMelih\ObstacleRow.cpp">
      <Filter>Source Files</Filter>
    </ClCompile>
    <ClCompile Include="..\..\..\Assignment 2 for Fundamentals 2\GAME1017_AsciMelih\PlatformPlayer.cpp">
      <Filter>Source Files</Filter>
    </ClCompile>
    <ClCompile Include="..\..\..\Assignment 2 for Fundamentals 2\GAME1017_AsciMelih\Primitives.cpp">
      <Filter>Source Files</Filter>
    </ClCompile>
    <ClCompile Include="..\..\..\Assignment 2 for Fundamentals 2\GAME1017_AsciMelih\RenderManager.cpp">
      <Filter>Source Files</Filter>
    </ClCompile>
    <ClCompile Include="..\..\..\Assignment 2 for Fundamentals 2\GAME1017_AsciMelih\ScrollingBackground.cpp">
      <Filter>Source Files</Filter>
    </ClCompile>
    <ClCompile Include="..\..\..\Assignment 2 for Fundamentals 2\GAME1017_AsciMelih\SoundManager.cpp">
      <Filter>Source Files</Filter>
    </ClCompile>
    <ClCompile Include="..\..\..\Assignment 2 for Fundamentals 2\GAME1017_AsciMelih\StateManager.cpp">
      <Filter>Source Files</Filter>
    </ClCompile>
    <ClCompile Include="..\..\..\Assignment 2 for Fundamentals 2\GAME1017_AsciMelih\States.cpp">
      <Filter>Source Files</Filter>
    </ClCompile>
    <ClCompile Include="..\..\..\Assignment 2 for Fundamentals 2\GAME1017_AsciMelih\TextureManager.cpp">
      <Filter>Source Files</Filter>
    </ClCompile>
  </ItemGroup>
</Project>